// !$*UTF8*$!
{
	archiveVersion = 1;
	classes = {
	};
	objectVersion = 46;
	objects = {

/* Begin PBXBuildFile section */
		E707832C1B366E8A00168CA9 /* UINavigationBar.swift in Sources */ = {isa = PBXBuildFile; fileRef = E707832B1B366E8A00168CA9 /* UINavigationBar.swift */; };
		E707832E1B36757600168CA9 /* FeedFlowLayout.swift in Sources */ = {isa = PBXBuildFile; fileRef = E707832D1B36757600168CA9 /* FeedFlowLayout.swift */; };
		E71CFBC41DB5C4DD00DF77D7 /* CoreData.framework in Frameworks */ = {isa = PBXBuildFile; fileRef = E71CFBC31DB5C4DD00DF77D7 /* CoreData.framework */; };
		E71CFC0A1DB5D07400DF77D7 /* RecommendIt.xcdatamodeld in Sources */ = {isa = PBXBuildFile; fileRef = E71CFC081DB5D07400DF77D7 /* RecommendIt.xcdatamodeld */; };
		E721F9241B4A059300138CCA /* Social.framework in Frameworks */ = {isa = PBXBuildFile; fileRef = E721F9231B4A059300138CCA /* Social.framework */; };
		E721F9261B4A059A00138CCA /* Accounts.framework in Frameworks */ = {isa = PBXBuildFile; fileRef = E721F9251B4A059A00138CCA /* Accounts.framework */; };
		E72DFCE31B4A0442000E6274 /* CoreLocation.framework in Frameworks */ = {isa = PBXBuildFile; fileRef = E75C837D1B256B030070763D /* CoreLocation.framework */; };
		E72DFCEE1B4A0442000E6274 /* AudioToolbox.framework in Frameworks */ = {isa = PBXBuildFile; fileRef = E72DFCE41B4A0442000E6274 /* AudioToolbox.framework */; };
		E72DFCEF1B4A0442000E6274 /* CFNetwork.framework in Frameworks */ = {isa = PBXBuildFile; fileRef = E72DFCE51B4A0442000E6274 /* CFNetwork.framework */; };
		E72DFCF01B4A0442000E6274 /* CoreGraphics.framework in Frameworks */ = {isa = PBXBuildFile; fileRef = E72DFCE61B4A0442000E6274 /* CoreGraphics.framework */; };
		E72DFCF11B4A0442000E6274 /* libsqlite3.dylib in Frameworks */ = {isa = PBXBuildFile; fileRef = E72DFCE71B4A0442000E6274 /* libsqlite3.dylib */; };
		E72DFCF21B4A0442000E6274 /* libz.dylib in Frameworks */ = {isa = PBXBuildFile; fileRef = E72DFCE81B4A0442000E6274 /* libz.dylib */; };
		E72DFCF31B4A0442000E6274 /* MobileCoreServices.framework in Frameworks */ = {isa = PBXBuildFile; fileRef = E72DFCE91B4A0442000E6274 /* MobileCoreServices.framework */; };
		E72DFCF41B4A0442000E6274 /* QuartzCore.framework in Frameworks */ = {isa = PBXBuildFile; fileRef = E72DFCEA1B4A0442000E6274 /* QuartzCore.framework */; };
		E72DFCF51B4A0442000E6274 /* Security.framework in Frameworks */ = {isa = PBXBuildFile; fileRef = E72DFCEB1B4A0442000E6274 /* Security.framework */; };
		E72DFCF61B4A0442000E6274 /* StoreKit.framework in Frameworks */ = {isa = PBXBuildFile; fileRef = E72DFCEC1B4A0442000E6274 /* StoreKit.framework */; };
		E72DFCF71B4A0442000E6274 /* SystemConfiguration.framework in Frameworks */ = {isa = PBXBuildFile; fileRef = E72DFCED1B4A0442000E6274 /* SystemConfiguration.framework */; };
		E74DC1E21B49DBF600AE45CF /* UISearchBar.swift in Sources */ = {isa = PBXBuildFile; fileRef = E74DC1E11B49DBF600AE45CF /* UISearchBar.swift */; };
		E74DC1E51B49EA3100AE45CF /* RecommendationCellDelegate.swift in Sources */ = {isa = PBXBuildFile; fileRef = E74DC1E41B49EA3100AE45CF /* RecommendationCellDelegate.swift */; };
		E75C837C1B2561570070763D /* Helpers.swift in Sources */ = {isa = PBXBuildFile; fileRef = E75C837B1B2561570070763D /* Helpers.swift */; };
		E760D8BB1AE5DA6000C4518F /* AppDelegate.swift in Sources */ = {isa = PBXBuildFile; fileRef = E760D8BA1AE5DA6000C4518F /* AppDelegate.swift */; };
		E760D8C21AE5DA6000C4518F /* Images.xcassets in Resources */ = {isa = PBXBuildFile; fileRef = E760D8C11AE5DA6000C4518F /* Images.xcassets */; };
		E760D8D11AE5DA6000C4518F /* Recommend_ItTests.swift in Sources */ = {isa = PBXBuildFile; fileRef = E760D8D01AE5DA6000C4518F /* Recommend_ItTests.swift */; };
		E760D8DC1AE6095600C4518F /* Feed.storyboard in Resources */ = {isa = PBXBuildFile; fileRef = E760D8DB1AE6095600C4518F /* Feed.storyboard */; };
		E760D8E11AE609EB00C4518F /* LaunchScreen.xib in Resources */ = {isa = PBXBuildFile; fileRef = E760D8E01AE609EB00C4518F /* LaunchScreen.xib */; };
		E76CCD7F1DBC0E2400E739DB /* InitialEmptyView.swift in Sources */ = {isa = PBXBuildFile; fileRef = E76CCD7E1DBC0E2400E739DB /* InitialEmptyView.swift */; };
		E76CCD811DBC0FD000E739DB /* UIView.swift in Sources */ = {isa = PBXBuildFile; fileRef = E76CCD801DBC0FD000E739DB /* UIView.swift */; };
		E773B5201DB89D6D0082C1AD /* CoreDataManager.swift in Sources */ = {isa = PBXBuildFile; fileRef = E773B51F1DB89D6D0082C1AD /* CoreDataManager.swift */; };
		E778D70D1B37710D0022C6AC /* FeedHeaderReusableView.swift in Sources */ = {isa = PBXBuildFile; fileRef = E778D70C1B37710D0022C6AC /* FeedHeaderReusableView.swift */; };
		E7855B921DB479140066CD16 /* APIKeys.plist in Resources */ = {isa = PBXBuildFile; fileRef = E7855B911DB479140066CD16 /* APIKeys.plist */; };
		E786CA8D1DBC2ADD00ED136C /* PersistentContainer.swift in Sources */ = {isa = PBXBuildFile; fileRef = E786CA8C1DBC2ADD00ED136C /* PersistentContainer.swift */; };
		E79252681B1D5F0D005F0522 /* RecommendationCell.swift in Sources */ = {isa = PBXBuildFile; fileRef = E79252671B1D5F0D005F0522 /* RecommendationCell.swift */; };
		E792526A1B1D63D8005F0522 /* AddEdit.storyboard in Resources */ = {isa = PBXBuildFile; fileRef = E79252691B1D63D8005F0522 /* AddEdit.storyboard */; };
		E792526C1B1D66CD005F0522 /* AddEditViewController.swift in Sources */ = {isa = PBXBuildFile; fileRef = E792526B1B1D66CD005F0522 /* AddEditViewController.swift */; };
		E792526E1B1D6BC4005F0522 /* SearchViewController.swift in Sources */ = {isa = PBXBuildFile; fileRef = E792526D1B1D6BC4005F0522 /* SearchViewController.swift */; };
		E79C60AD1AF9A7A300F0E511 /* RecommendationStore.swift in Sources */ = {isa = PBXBuildFile; fileRef = E79C60AC1AF9A7A300F0E511 /* RecommendationStore.swift */; };
		E7C7F9D41AF1BC6000945EA1 /* FeedViewController.swift in Sources */ = {isa = PBXBuildFile; fileRef = E7C7F9D31AF1BC6000945EA1 /* FeedViewController.swift */; };
		E7CA65D11DBC5D03002E03BD /* InitialEmptyView.xib in Resources */ = {isa = PBXBuildFile; fileRef = E7E6748D1DBC153D00672DC5 /* InitialEmptyView.xib */; };
		E7CA65D31DBC968E002E03BD /* SearchResultCell.swift in Sources */ = {isa = PBXBuildFile; fileRef = E7CA65D21DBC968E002E03BD /* SearchResultCell.swift */; };
		E7D7FD871B22CBE30078CDD2 /* YelpAPI.swift in Sources */ = {isa = PBXBuildFile; fileRef = E7D7FD861B22CBE30078CDD2 /* YelpAPI.swift */; };
		FD9257D54A6E62720F16CE2B /* Pods_Recommend_It.framework in Frameworks */ = {isa = PBXBuildFile; fileRef = 38F7F35EC578A903EF18A5A0 /* Pods_Recommend_It.framework */; };
/* End PBXBuildFile section */

/* Begin PBXContainerItemProxy section */
		E760D8CB1AE5DA6000C4518F /* PBXContainerItemProxy */ = {
			isa = PBXContainerItemProxy;
			containerPortal = E760D8AD1AE5DA6000C4518F /* Project object */;
			proxyType = 1;
			remoteGlobalIDString = E760D8B41AE5DA6000C4518F;
			remoteInfo = "Recommend-It";
		};
/* End PBXContainerItemProxy section */

/* Begin PBXFileReference section */
		38F7F35EC578A903EF18A5A0 /* Pods_Recommend_It.framework */ = {isa = PBXFileReference; explicitFileType = wrapper.framework; includeInIndex = 0; path = Pods_Recommend_It.framework; sourceTree = BUILT_PRODUCTS_DIR; };
		3A6AE5CFD3B359BF4559B113 /* Pods.framework */ = {isa = PBXFileReference; explicitFileType = wrapper.framework; includeInIndex = 0; path = Pods.framework; sourceTree = BUILT_PRODUCTS_DIR; };
		746E6FC41B94847261B47C99 /* Pods-Recommend-It.release.xcconfig */ = {isa = PBXFileReference; includeInIndex = 1; lastKnownFileType = text.xcconfig; name = "Pods-Recommend-It.release.xcconfig"; path = "Pods/Target Support Files/Pods-Recommend-It/Pods-Recommend-It.release.xcconfig"; sourceTree = "<group>"; };
		D57C05A75F8596B605212B9D /* Pods-Recommend-It.debug.xcconfig */ = {isa = PBXFileReference; includeInIndex = 1; lastKnownFileType = text.xcconfig; name = "Pods-Recommend-It.debug.xcconfig"; path = "Pods/Target Support Files/Pods-Recommend-It/Pods-Recommend-It.debug.xcconfig"; sourceTree = "<group>"; };
		E707832B1B366E8A00168CA9 /* UINavigationBar.swift */ = {isa = PBXFileReference; fileEncoding = 4; lastKnownFileType = sourcecode.swift; name = UINavigationBar.swift; path = Extensions/UINavigationBar.swift; sourceTree = "<group>"; };
		E707832D1B36757600168CA9 /* FeedFlowLayout.swift */ = {isa = PBXFileReference; fileEncoding = 4; lastKnownFileType = sourcecode.swift; name = FeedFlowLayout.swift; path = Views/FeedFlowLayout.swift; sourceTree = "<group>"; };
		E71CFBC31DB5C4DD00DF77D7 /* CoreData.framework */ = {isa = PBXFileReference; lastKnownFileType = wrapper.framework; name = CoreData.framework; path = System/Library/Frameworks/CoreData.framework; sourceTree = SDKROOT; };
		E71CFC091DB5D07400DF77D7 /* RecommendIt.xcdatamodel */ = {isa = PBXFileReference; lastKnownFileType = wrapper.xcdatamodel; path = RecommendIt.xcdatamodel; sourceTree = "<group>"; };
		E721F9231B4A059300138CCA /* Social.framework */ = {isa = PBXFileReference; lastKnownFileType = wrapper.framework; name = Social.framework; path = System/Library/Frameworks/Social.framework; sourceTree = SDKROOT; };
		E721F9251B4A059A00138CCA /* Accounts.framework */ = {isa = PBXFileReference; lastKnownFileType = wrapper.framework; name = Accounts.framework; path = System/Library/Frameworks/Accounts.framework; sourceTree = SDKROOT; };
		E72DFCDF1B4A03A6000E6274 /* Bolts.framework */ = {isa = PBXFileReference; lastKnownFileType = wrapper.framework; path = Bolts.framework; sourceTree = "<group>"; };
		E72DFCE01B4A03A6000E6274 /* Parse.framework */ = {isa = PBXFileReference; lastKnownFileType = wrapper.framework; path = Parse.framework; sourceTree = "<group>"; };
		E72DFCE41B4A0442000E6274 /* AudioToolbox.framework */ = {isa = PBXFileReference; lastKnownFileType = wrapper.framework; name = AudioToolbox.framework; path = System/Library/Frameworks/AudioToolbox.framework; sourceTree = SDKROOT; };
		E72DFCE51B4A0442000E6274 /* CFNetwork.framework */ = {isa = PBXFileReference; lastKnownFileType = wrapper.framework; name = CFNetwork.framework; path = System/Library/Frameworks/CFNetwork.framework; sourceTree = SDKROOT; };
		E72DFCE61B4A0442000E6274 /* CoreGraphics.framework */ = {isa = PBXFileReference; lastKnownFileType = wrapper.framework; name = CoreGraphics.framework; path = System/Library/Frameworks/CoreGraphics.framework; sourceTree = SDKROOT; };
		E72DFCE71B4A0442000E6274 /* libsqlite3.dylib */ = {isa = PBXFileReference; lastKnownFileType = "compiled.mach-o.dylib"; name = libsqlite3.dylib; path = usr/lib/libsqlite3.dylib; sourceTree = SDKROOT; };
		E72DFCE81B4A0442000E6274 /* libz.dylib */ = {isa = PBXFileReference; lastKnownFileType = "compiled.mach-o.dylib"; name = libz.dylib; path = usr/lib/libz.dylib; sourceTree = SDKROOT; };
		E72DFCE91B4A0442000E6274 /* MobileCoreServices.framework */ = {isa = PBXFileReference; lastKnownFileType = wrapper.framework; name = MobileCoreServices.framework; path = System/Library/Frameworks/MobileCoreServices.framework; sourceTree = SDKROOT; };
		E72DFCEA1B4A0442000E6274 /* QuartzCore.framework */ = {isa = PBXFileReference; lastKnownFileType = wrapper.framework; name = QuartzCore.framework; path = System/Library/Frameworks/QuartzCore.framework; sourceTree = SDKROOT; };
		E72DFCEB1B4A0442000E6274 /* Security.framework */ = {isa = PBXFileReference; lastKnownFileType = wrapper.framework; name = Security.framework; path = System/Library/Frameworks/Security.framework; sourceTree = SDKROOT; };
		E72DFCEC1B4A0442000E6274 /* StoreKit.framework */ = {isa = PBXFileReference; lastKnownFileType = wrapper.framework; name = StoreKit.framework; path = System/Library/Frameworks/StoreKit.framework; sourceTree = SDKROOT; };
		E72DFCED1B4A0442000E6274 /* SystemConfiguration.framework */ = {isa = PBXFileReference; lastKnownFileType = wrapper.framework; name = SystemConfiguration.framework; path = System/Library/Frameworks/SystemConfiguration.framework; sourceTree = SDKROOT; };
		E74DC1E11B49DBF600AE45CF /* UISearchBar.swift */ = {isa = PBXFileReference; fileEncoding = 4; lastKnownFileType = sourcecode.swift; name = UISearchBar.swift; path = Extensions/UISearchBar.swift; sourceTree = "<group>"; };
		E74DC1E41B49EA3100AE45CF /* RecommendationCellDelegate.swift */ = {isa = PBXFileReference; fileEncoding = 4; lastKnownFileType = sourcecode.swift; name = RecommendationCellDelegate.swift; path = Protocols/RecommendationCellDelegate.swift; sourceTree = "<group>"; };
		E75C837B1B2561570070763D /* Helpers.swift */ = {isa = PBXFileReference; fileEncoding = 4; lastKnownFileType = sourcecode.swift; path = Helpers.swift; sourceTree = "<group>"; };
		E75C837D1B256B030070763D /* CoreLocation.framework */ = {isa = PBXFileReference; lastKnownFileType = wrapper.framework; name = CoreLocation.framework; path = System/Library/Frameworks/CoreLocation.framework; sourceTree = SDKROOT; };
		E760D8B51AE5DA6000C4518F /* Recommend-It.app */ = {isa = PBXFileReference; explicitFileType = wrapper.application; includeInIndex = 0; path = "Recommend-It.app"; sourceTree = BUILT_PRODUCTS_DIR; };
		E760D8B91AE5DA6000C4518F /* Info.plist */ = {isa = PBXFileReference; lastKnownFileType = text.plist.xml; path = Info.plist; sourceTree = "<group>"; };
		E760D8BA1AE5DA6000C4518F /* AppDelegate.swift */ = {isa = PBXFileReference; lastKnownFileType = sourcecode.swift; path = AppDelegate.swift; sourceTree = "<group>"; };
		E760D8C11AE5DA6000C4518F /* Images.xcassets */ = {isa = PBXFileReference; lastKnownFileType = folder.assetcatalog; path = Images.xcassets; sourceTree = "<group>"; };
		E760D8CA1AE5DA6000C4518F /* Recommend-ItTests.xctest */ = {isa = PBXFileReference; explicitFileType = wrapper.cfbundle; includeInIndex = 0; path = "Recommend-ItTests.xctest"; sourceTree = BUILT_PRODUCTS_DIR; };
		E760D8CF1AE5DA6000C4518F /* Info.plist */ = {isa = PBXFileReference; lastKnownFileType = text.plist.xml; path = Info.plist; sourceTree = "<group>"; };
		E760D8D01AE5DA6000C4518F /* Recommend_ItTests.swift */ = {isa = PBXFileReference; lastKnownFileType = sourcecode.swift; path = Recommend_ItTests.swift; sourceTree = "<group>"; };
		E760D8DB1AE6095600C4518F /* Feed.storyboard */ = {isa = PBXFileReference; fileEncoding = 4; lastKnownFileType = file.storyboard; name = Feed.storyboard; path = Storyboards/Feed.storyboard; sourceTree = "<group>"; };
		E760D8E01AE609EB00C4518F /* LaunchScreen.xib */ = {isa = PBXFileReference; fileEncoding = 4; lastKnownFileType = file.xib; name = LaunchScreen.xib; path = XIBs/LaunchScreen.xib; sourceTree = "<group>"; };
		E76CCD7E1DBC0E2400E739DB /* InitialEmptyView.swift */ = {isa = PBXFileReference; fileEncoding = 4; lastKnownFileType = sourcecode.swift; name = InitialEmptyView.swift; path = Views/InitialEmptyView.swift; sourceTree = "<group>"; };
		E76CCD801DBC0FD000E739DB /* UIView.swift */ = {isa = PBXFileReference; fileEncoding = 4; lastKnownFileType = sourcecode.swift; name = UIView.swift; path = Extensions/UIView.swift; sourceTree = "<group>"; };
		E773B51F1DB89D6D0082C1AD /* CoreDataManager.swift */ = {isa = PBXFileReference; fileEncoding = 4; lastKnownFileType = sourcecode.swift; name = CoreDataManager.swift; path = Utils/CoreDataManager.swift; sourceTree = "<group>"; };
		E778D70C1B37710D0022C6AC /* FeedHeaderReusableView.swift */ = {isa = PBXFileReference; fileEncoding = 4; lastKnownFileType = sourcecode.swift; name = FeedHeaderReusableView.swift; path = Views/FeedHeaderReusableView.swift; sourceTree = "<group>"; };
		E7855B911DB479140066CD16 /* APIKeys.plist */ = {isa = PBXFileReference; fileEncoding = 4; lastKnownFileType = text.plist.xml; path = APIKeys.plist; sourceTree = "<group>"; };
		E786CA8C1DBC2ADD00ED136C /* PersistentContainer.swift */ = {isa = PBXFileReference; fileEncoding = 4; lastKnownFileType = sourcecode.swift; name = PersistentContainer.swift; path = Utils/PersistentContainer.swift; sourceTree = "<group>"; };
		E79252671B1D5F0D005F0522 /* RecommendationCell.swift */ = {isa = PBXFileReference; fileEncoding = 4; lastKnownFileType = sourcecode.swift; name = RecommendationCell.swift; path = Views/RecommendationCell.swift; sourceTree = "<group>"; };
		E79252691B1D63D8005F0522 /* AddEdit.storyboard */ = {isa = PBXFileReference; fileEncoding = 4; lastKnownFileType = file.storyboard; name = AddEdit.storyboard; path = Storyboards/AddEdit.storyboard; sourceTree = "<group>"; };
		E792526B1B1D66CD005F0522 /* AddEditViewController.swift */ = {isa = PBXFileReference; fileEncoding = 4; lastKnownFileType = sourcecode.swift; name = AddEditViewController.swift; path = Controllers/AddEditViewController.swift; sourceTree = "<group>"; };
		E792526D1B1D6BC4005F0522 /* SearchViewController.swift */ = {isa = PBXFileReference; fileEncoding = 4; lastKnownFileType = sourcecode.swift; name = SearchViewController.swift; path = Controllers/SearchViewController.swift; sourceTree = "<group>"; };
		E79C60AC1AF9A7A300F0E511 /* RecommendationStore.swift */ = {isa = PBXFileReference; fileEncoding = 4; lastKnownFileType = sourcecode.swift; name = RecommendationStore.swift; path = Stores/RecommendationStore.swift; sourceTree = "<group>"; };
		E7C7F9D31AF1BC6000945EA1 /* FeedViewController.swift */ = {isa = PBXFileReference; fileEncoding = 4; lastKnownFileType = sourcecode.swift; name = FeedViewController.swift; path = Controllers/FeedViewController.swift; sourceTree = "<group>"; };
		E7CA65D21DBC968E002E03BD /* SearchResultCell.swift */ = {isa = PBXFileReference; fileEncoding = 4; lastKnownFileType = sourcecode.swift; name = SearchResultCell.swift; path = Views/SearchResultCell.swift; sourceTree = "<group>"; };
		E7D7FD861B22CBE30078CDD2 /* YelpAPI.swift */ = {isa = PBXFileReference; fileEncoding = 4; lastKnownFileType = sourcecode.swift; name = YelpAPI.swift; path = APIs/YelpAPI.swift; sourceTree = "<group>"; };
		E7E6748D1DBC153D00672DC5 /* InitialEmptyView.xib */ = {isa = PBXFileReference; fileEncoding = 4; lastKnownFileType = file.xib; name = InitialEmptyView.xib; path = XIBs/InitialEmptyView.xib; sourceTree = "<group>"; };
/* End PBXFileReference section */

/* Begin PBXFrameworksBuildPhase section */
		E760D8B21AE5DA6000C4518F /* Frameworks */ = {
			isa = PBXFrameworksBuildPhase;
			buildActionMask = 2147483647;
			files = (
				E71CFBC41DB5C4DD00DF77D7 /* CoreData.framework in Frameworks */,
				E721F9261B4A059A00138CCA /* Accounts.framework in Frameworks */,
				E721F9241B4A059300138CCA /* Social.framework in Frameworks */,
				E72DFCEE1B4A0442000E6274 /* AudioToolbox.framework in Frameworks */,
				E72DFCEF1B4A0442000E6274 /* CFNetwork.framework in Frameworks */,
				E72DFCF01B4A0442000E6274 /* CoreGraphics.framework in Frameworks */,
				E72DFCF11B4A0442000E6274 /* libsqlite3.dylib in Frameworks */,
				E72DFCF21B4A0442000E6274 /* libz.dylib in Frameworks */,
				E72DFCF31B4A0442000E6274 /* MobileCoreServices.framework in Frameworks */,
				E72DFCF41B4A0442000E6274 /* QuartzCore.framework in Frameworks */,
				E72DFCF51B4A0442000E6274 /* Security.framework in Frameworks */,
				E72DFCF61B4A0442000E6274 /* StoreKit.framework in Frameworks */,
				E72DFCF71B4A0442000E6274 /* SystemConfiguration.framework in Frameworks */,
				E72DFCE31B4A0442000E6274 /* CoreLocation.framework in Frameworks */,
				FD9257D54A6E62720F16CE2B /* Pods_Recommend_It.framework in Frameworks */,
			);
			runOnlyForDeploymentPostprocessing = 0;
		};
		E760D8C71AE5DA6000C4518F /* Frameworks */ = {
			isa = PBXFrameworksBuildPhase;
			buildActionMask = 2147483647;
			files = (
			);
			runOnlyForDeploymentPostprocessing = 0;
		};
/* End PBXFrameworksBuildPhase section */

/* Begin PBXGroup section */
		3F2CB9DEA3C6AFE2C9580CDB /* Frameworks */ = {
			isa = PBXGroup;
			children = (
				E71CFBC31DB5C4DD00DF77D7 /* CoreData.framework */,
				E721F9251B4A059A00138CCA /* Accounts.framework */,
				E721F9231B4A059300138CCA /* Social.framework */,
				E72DFCE41B4A0442000E6274 /* AudioToolbox.framework */,
				E72DFCE51B4A0442000E6274 /* CFNetwork.framework */,
				E72DFCE61B4A0442000E6274 /* CoreGraphics.framework */,
				E72DFCE71B4A0442000E6274 /* libsqlite3.dylib */,
				E72DFCE81B4A0442000E6274 /* libz.dylib */,
				E72DFCE91B4A0442000E6274 /* MobileCoreServices.framework */,
				E72DFCEA1B4A0442000E6274 /* QuartzCore.framework */,
				E72DFCEB1B4A0442000E6274 /* Security.framework */,
				E72DFCEC1B4A0442000E6274 /* StoreKit.framework */,
				E72DFCED1B4A0442000E6274 /* SystemConfiguration.framework */,
				E72DFCDF1B4A03A6000E6274 /* Bolts.framework */,
				E72DFCE01B4A03A6000E6274 /* Parse.framework */,
				E75C837D1B256B030070763D /* CoreLocation.framework */,
				3A6AE5CFD3B359BF4559B113 /* Pods.framework */,
				38F7F35EC578A903EF18A5A0 /* Pods_Recommend_It.framework */,
			);
			name = Frameworks;
			sourceTree = "<group>";
		};
		E70783281B366A1500168CA9 /* Extensions */ = {
			isa = PBXGroup;
			children = (
				E707832B1B366E8A00168CA9 /* UINavigationBar.swift */,
				E74DC1E11B49DBF600AE45CF /* UISearchBar.swift */,
				E76CCD801DBC0FD000E739DB /* UIView.swift */,
			);
			name = Extensions;
			sourceTree = "<group>";
		};
		E74DC1E31B49EA0000AE45CF /* Protocols */ = {
			isa = PBXGroup;
			children = (
				E74DC1E41B49EA3100AE45CF /* RecommendationCellDelegate.swift */,
			);
			name = Protocols;
			sourceTree = "<group>";
		};
		E760D8AC1AE5DA6000C4518F = {
			isa = PBXGroup;
			children = (
				E760D8B71AE5DA6000C4518F /* Recommend-It */,
				E760D8CD1AE5DA6000C4518F /* Recommend-ItTests */,
				E760D8B61AE5DA6000C4518F /* Products */,
				3F2CB9DEA3C6AFE2C9580CDB /* Frameworks */,
				ED3263009FC8F5044B2017AE /* Pods */,
			);
			sourceTree = "<group>";
		};
		E760D8B61AE5DA6000C4518F /* Products */ = {
			isa = PBXGroup;
			children = (
				E760D8B51AE5DA6000C4518F /* Recommend-It.app */,
				E760D8CA1AE5DA6000C4518F /* Recommend-ItTests.xctest */,
			);
			name = Products;
			sourceTree = "<group>";
		};
		E760D8B71AE5DA6000C4518F /* Recommend-It */ = {
			isa = PBXGroup;
			children = (
				E760D8BA1AE5DA6000C4518F /* AppDelegate.swift */,
				E79C60AB1AF9A78000F0E511 /* Stores */,
				E79C60A81AF9A59200F0E511 /* Models */,
				E7C7F9D21AF1BC3E00945EA1 /* Controllers */,
				E79252661B1D5EE9005F0522 /* Views */,
				E760D8DA1AE605BE00C4518F /* Storyboards */,
				E74DC1E31B49EA0000AE45CF /* Protocols */,
				E70783281B366A1500168CA9 /* Extensions */,
				E773B51E1DB89CF20082C1AD /* Utils */,
				E760D8DD1AE6099600C4518F /* XIBs */,
				E760D8B81AE5DA6000C4518F /* Supporting Files */,
				E760D8C11AE5DA6000C4518F /* Images.xcassets */,
			);
			path = "Recommend-It";
			sourceTree = "<group>";
		};
		E760D8B81AE5DA6000C4518F /* Supporting Files */ = {
			isa = PBXGroup;
			children = (
				E7D7FD851B22CBD10078CDD2 /* APIs */,
				E760D8B91AE5DA6000C4518F /* Info.plist */,
				E7855B911DB479140066CD16 /* APIKeys.plist */,
				E75C837B1B2561570070763D /* Helpers.swift */,
			);
			name = "Supporting Files";
			sourceTree = "<group>";
		};
		E760D8CD1AE5DA6000C4518F /* Recommend-ItTests */ = {
			isa = PBXGroup;
			children = (
				E760D8D01AE5DA6000C4518F /* Recommend_ItTests.swift */,
				E760D8CE1AE5DA6000C4518F /* Supporting Files */,
			);
			path = "Recommend-ItTests";
			sourceTree = "<group>";
		};
		E760D8CE1AE5DA6000C4518F /* Supporting Files */ = {
			isa = PBXGroup;
			children = (
				E760D8CF1AE5DA6000C4518F /* Info.plist */,
			);
			name = "Supporting Files";
			sourceTree = "<group>";
		};
		E760D8DA1AE605BE00C4518F /* Storyboards */ = {
			isa = PBXGroup;
			children = (
				E760D8DB1AE6095600C4518F /* Feed.storyboard */,
				E79252691B1D63D8005F0522 /* AddEdit.storyboard */,
			);
			name = Storyboards;
			sourceTree = "<group>";
		};
		E760D8DD1AE6099600C4518F /* XIBs */ = {
			isa = PBXGroup;
			children = (
				E7E6748D1DBC153D00672DC5 /* InitialEmptyView.xib */,
				E760D8E01AE609EB00C4518F /* LaunchScreen.xib */,
			);
			name = XIBs;
			sourceTree = "<group>";
		};
		E773B51E1DB89CF20082C1AD /* Utils */ = {
			isa = PBXGroup;
			children = (
				E773B51F1DB89D6D0082C1AD /* CoreDataManager.swift */,
				E786CA8C1DBC2ADD00ED136C /* PersistentContainer.swift */,
			);
			name = Utils;
			sourceTree = "<group>";
		};
		E79252661B1D5EE9005F0522 /* Views */ = {
			isa = PBXGroup;
			children = (
				E79252671B1D5F0D005F0522 /* RecommendationCell.swift */,
				E778D70C1B37710D0022C6AC /* FeedHeaderReusableView.swift */,
				E707832D1B36757600168CA9 /* FeedFlowLayout.swift */,
				E76CCD7E1DBC0E2400E739DB /* InitialEmptyView.swift */,
				E7CA65D21DBC968E002E03BD /* SearchResultCell.swift */,
			);
			name = Views;
			sourceTree = "<group>";
		};
		E79C60A81AF9A59200F0E511 /* Models */ = {
			isa = PBXGroup;
			children = (
				E71CFC081DB5D07400DF77D7 /* RecommendIt.xcdatamodeld */,
			);
			name = Models;
			sourceTree = "<group>";
		};
		E79C60AB1AF9A78000F0E511 /* Stores */ = {
			isa = PBXGroup;
			children = (
				E79C60AC1AF9A7A300F0E511 /* RecommendationStore.swift */,
			);
			name = Stores;
			sourceTree = "<group>";
		};
		E7C7F9D21AF1BC3E00945EA1 /* Controllers */ = {
			isa = PBXGroup;
			children = (
				E7C7F9D31AF1BC6000945EA1 /* FeedViewController.swift */,
				E792526B1B1D66CD005F0522 /* AddEditViewController.swift */,
				E792526D1B1D6BC4005F0522 /* SearchViewController.swift */,
			);
			name = Controllers;
			sourceTree = "<group>";
		};
		E7D7FD851B22CBD10078CDD2 /* APIs */ = {
			isa = PBXGroup;
			children = (
				E7D7FD861B22CBE30078CDD2 /* YelpAPI.swift */,
			);
			name = APIs;
			sourceTree = "<group>";
		};
		ED3263009FC8F5044B2017AE /* Pods */ = {
			isa = PBXGroup;
			children = (
				D57C05A75F8596B605212B9D /* Pods-Recommend-It.debug.xcconfig */,
				746E6FC41B94847261B47C99 /* Pods-Recommend-It.release.xcconfig */,
			);
			name = Pods;
			sourceTree = "<group>";
		};
/* End PBXGroup section */

/* Begin PBXNativeTarget section */
		E760D8B41AE5DA6000C4518F /* Recommend-It */ = {
			isa = PBXNativeTarget;
			buildConfigurationList = E760D8D41AE5DA6000C4518F /* Build configuration list for PBXNativeTarget "Recommend-It" */;
			buildPhases = (
				444AF2612BB377766D62C8E8 /* [CP] Check Pods Manifest.lock */,
				E760D8B11AE5DA6000C4518F /* Sources */,
				E760D8B21AE5DA6000C4518F /* Frameworks */,
				E760D8B31AE5DA6000C4518F /* Resources */,
				C37663EFE5EF6B0EEC7D094C /* [CP] Embed Pods Frameworks */,
				4EA83E5945E2D667CFCD9BB3 /* [CP] Copy Pods Resources */,
				E711EDA51D7E497B00529992 /* Run Script */,
			);
			buildRules = (
			);
			dependencies = (
			);
			name = "Recommend-It";
			productName = "Recommend-It";
			productReference = E760D8B51AE5DA6000C4518F /* Recommend-It.app */;
			productType = "com.apple.product-type.application";
		};
		E760D8C91AE5DA6000C4518F /* Recommend-ItTests */ = {
			isa = PBXNativeTarget;
			buildConfigurationList = E760D8D71AE5DA6000C4518F /* Build configuration list for PBXNativeTarget "Recommend-ItTests" */;
			buildPhases = (
				E760D8C61AE5DA6000C4518F /* Sources */,
				E760D8C71AE5DA6000C4518F /* Frameworks */,
				E760D8C81AE5DA6000C4518F /* Resources */,
			);
			buildRules = (
			);
			dependencies = (
				E760D8CC1AE5DA6000C4518F /* PBXTargetDependency */,
			);
			name = "Recommend-ItTests";
			productName = "Recommend-ItTests";
			productReference = E760D8CA1AE5DA6000C4518F /* Recommend-ItTests.xctest */;
			productType = "com.apple.product-type.bundle.unit-test";
		};
/* End PBXNativeTarget section */

/* Begin PBXProject section */
		E760D8AD1AE5DA6000C4518F /* Project object */ = {
			isa = PBXProject;
			attributes = {
				LastSwiftMigration = 0730;
				LastSwiftUpdateCheck = 0730;
				LastUpgradeCheck = 0730;
				ORGANIZATIONNAME = "Derrick Showers";
				TargetAttributes = {
					E760D8B41AE5DA6000C4518F = {
						CreatedOnToolsVersion = 6.3;
						DevelopmentTeam = DJPFLH48H5;
						LastSwiftMigration = 0800;
					};
					E760D8C91AE5DA6000C4518F = {
						CreatedOnToolsVersion = 6.3;
						DevelopmentTeam = DJPFLH48H5;
						LastSwiftMigration = 0800;
						TestTargetID = E760D8B41AE5DA6000C4518F;
					};
				};
			};
			buildConfigurationList = E760D8B01AE5DA6000C4518F /* Build configuration list for PBXProject "Recommend-It" */;
			compatibilityVersion = "Xcode 3.2";
			developmentRegion = English;
			hasScannedForEncodings = 0;
			knownRegions = (
				en,
				Base,
			);
			mainGroup = E760D8AC1AE5DA6000C4518F;
			productRefGroup = E760D8B61AE5DA6000C4518F /* Products */;
			projectDirPath = "";
			projectRoot = "";
			targets = (
				E760D8B41AE5DA6000C4518F /* Recommend-It */,
				E760D8C91AE5DA6000C4518F /* Recommend-ItTests */,
			);
		};
/* End PBXProject section */

/* Begin PBXResourcesBuildPhase section */
		E760D8B31AE5DA6000C4518F /* Resources */ = {
			isa = PBXResourcesBuildPhase;
			buildActionMask = 2147483647;
			files = (
				E7CA65D11DBC5D03002E03BD /* InitialEmptyView.xib in Resources */,
				E792526A1B1D63D8005F0522 /* AddEdit.storyboard in Resources */,
				E760D8C21AE5DA6000C4518F /* Images.xcassets in Resources */,
				E7855B921DB479140066CD16 /* APIKeys.plist in Resources */,
				E760D8E11AE609EB00C4518F /* LaunchScreen.xib in Resources */,
				E760D8DC1AE6095600C4518F /* Feed.storyboard in Resources */,
			);
			runOnlyForDeploymentPostprocessing = 0;
		};
		E760D8C81AE5DA6000C4518F /* Resources */ = {
			isa = PBXResourcesBuildPhase;
			buildActionMask = 2147483647;
			files = (
			);
			runOnlyForDeploymentPostprocessing = 0;
		};
/* End PBXResourcesBuildPhase section */

/* Begin PBXShellScriptBuildPhase section */
		444AF2612BB377766D62C8E8 /* [CP] Check Pods Manifest.lock */ = {
			isa = PBXShellScriptBuildPhase;
			buildActionMask = 2147483647;
			files = (
			);
			inputPaths = (
			);
			name = "[CP] Check Pods Manifest.lock";
			outputPaths = (
			);
			runOnlyForDeploymentPostprocessing = 0;
			shellPath = /bin/sh;
			shellScript = "diff \"${PODS_ROOT}/../Podfile.lock\" \"${PODS_ROOT}/Manifest.lock\" > /dev/null\nif [ $? != 0 ] ; then\n    # print error to STDERR\n    echo \"error: The sandbox is not in sync with the Podfile.lock. Run 'pod install' or update your CocoaPods installation.\" >&2\n    exit 1\nfi\n";
			showEnvVarsInLog = 0;
		};
		4EA83E5945E2D667CFCD9BB3 /* [CP] Copy Pods Resources */ = {
			isa = PBXShellScriptBuildPhase;
			buildActionMask = 2147483647;
			files = (
			);
			inputPaths = (
			);
			name = "[CP] Copy Pods Resources";
			outputPaths = (
			);
			runOnlyForDeploymentPostprocessing = 0;
			shellPath = /bin/sh;
			shellScript = "\"${SRCROOT}/Pods/Target Support Files/Pods-Recommend-It/Pods-Recommend-It-resources.sh\"\n";
			showEnvVarsInLog = 0;
		};
		C37663EFE5EF6B0EEC7D094C /* [CP] Embed Pods Frameworks */ = {
			isa = PBXShellScriptBuildPhase;
			buildActionMask = 2147483647;
			files = (
			);
			inputPaths = (
			);
			name = "[CP] Embed Pods Frameworks";
			outputPaths = (
			);
			runOnlyForDeploymentPostprocessing = 0;
			shellPath = /bin/sh;
			shellScript = "\"${SRCROOT}/Pods/Target Support Files/Pods-Recommend-It/Pods-Recommend-It-frameworks.sh\"\n";
			showEnvVarsInLog = 0;
		};
		E711EDA51D7E497B00529992 /* Run Script */ = {
			isa = PBXShellScriptBuildPhase;
			buildActionMask = 2147483647;
			files = (
			);
			inputPaths = (
			);
			name = "Run Script";
			outputPaths = (
			);
			runOnlyForDeploymentPostprocessing = 0;
			shellPath = /bin/sh;
			shellScript = "if which swiftlint >/dev/null; then\n    swiftlint\nelse\n    echo \"warning: SwiftLint not installed, download from https://github.com/realm/SwiftLint\"\nfi";
		};
/* End PBXShellScriptBuildPhase section */

/* Begin PBXSourcesBuildPhase section */
		E760D8B11AE5DA6000C4518F /* Sources */ = {
			isa = PBXSourcesBuildPhase;
			buildActionMask = 2147483647;
			files = (
				E707832E1B36757600168CA9 /* FeedFlowLayout.swift in Sources */,
				E792526E1B1D6BC4005F0522 /* SearchViewController.swift in Sources */,
				E74DC1E21B49DBF600AE45CF /* UISearchBar.swift in Sources */,
				E773B5201DB89D6D0082C1AD /* CoreDataManager.swift in Sources */,
				E7CA65D31DBC968E002E03BD /* SearchResultCell.swift in Sources */,
				E7C7F9D41AF1BC6000945EA1 /* FeedViewController.swift in Sources */,
				E76CCD7F1DBC0E2400E739DB /* InitialEmptyView.swift in Sources */,
				E792526C1B1D66CD005F0522 /* AddEditViewController.swift in Sources */,
				E71CFC0A1DB5D07400DF77D7 /* RecommendIt.xcdatamodeld in Sources */,
				E75C837C1B2561570070763D /* Helpers.swift in Sources */,
				E786CA8D1DBC2ADD00ED136C /* PersistentContainer.swift in Sources */,
				E778D70D1B37710D0022C6AC /* FeedHeaderReusableView.swift in Sources */,
				E79C60AD1AF9A7A300F0E511 /* RecommendationStore.swift in Sources */,
				E79252681B1D5F0D005F0522 /* RecommendationCell.swift in Sources */,
				E760D8BB1AE5DA6000C4518F /* AppDelegate.swift in Sources */,
				E76CCD811DBC0FD000E739DB /* UIView.swift in Sources */,
				E7D7FD871B22CBE30078CDD2 /* YelpAPI.swift in Sources */,
				E74DC1E51B49EA3100AE45CF /* RecommendationCellDelegate.swift in Sources */,
				E707832C1B366E8A00168CA9 /* UINavigationBar.swift in Sources */,
			);
			runOnlyForDeploymentPostprocessing = 0;
		};
		E760D8C61AE5DA6000C4518F /* Sources */ = {
			isa = PBXSourcesBuildPhase;
			buildActionMask = 2147483647;
			files = (
				E760D8D11AE5DA6000C4518F /* Recommend_ItTests.swift in Sources */,
			);
			runOnlyForDeploymentPostprocessing = 0;
		};
/* End PBXSourcesBuildPhase section */

/* Begin PBXTargetDependency section */
		E760D8CC1AE5DA6000C4518F /* PBXTargetDependency */ = {
			isa = PBXTargetDependency;
			target = E760D8B41AE5DA6000C4518F /* Recommend-It */;
			targetProxy = E760D8CB1AE5DA6000C4518F /* PBXContainerItemProxy */;
		};
/* End PBXTargetDependency section */

/* Begin XCBuildConfiguration section */
		E760D8D21AE5DA6000C4518F /* Debug */ = {
			isa = XCBuildConfiguration;
			buildSettings = {
				ALWAYS_SEARCH_USER_PATHS = NO;
				CLANG_CXX_LANGUAGE_STANDARD = "gnu++0x";
				CLANG_CXX_LIBRARY = "libc++";
				CLANG_ENABLE_MODULES = YES;
				CLANG_ENABLE_OBJC_ARC = YES;
				CLANG_WARN_BOOL_CONVERSION = YES;
				CLANG_WARN_CONSTANT_CONVERSION = YES;
				CLANG_WARN_DIRECT_OBJC_ISA_USAGE = YES_ERROR;
				CLANG_WARN_EMPTY_BODY = YES;
				CLANG_WARN_ENUM_CONVERSION = YES;
				CLANG_WARN_INT_CONVERSION = YES;
				CLANG_WARN_OBJC_ROOT_CLASS = YES_ERROR;
				CLANG_WARN_UNREACHABLE_CODE = YES;
				CLANG_WARN__DUPLICATE_METHOD_MATCH = YES;
				"CODE_SIGN_IDENTITY[sdk=iphoneos*]" = "iPhone Developer";
				COPY_PHASE_STRIP = NO;
				DEBUG_INFORMATION_FORMAT = "dwarf-with-dsym";
				ENABLE_STRICT_OBJC_MSGSEND = YES;
				ENABLE_TESTABILITY = YES;
				GCC_C_LANGUAGE_STANDARD = gnu99;
				GCC_DYNAMIC_NO_PIC = NO;
				GCC_NO_COMMON_BLOCKS = YES;
				GCC_OPTIMIZATION_LEVEL = 0;
				GCC_PREPROCESSOR_DEFINITIONS = (
					"DEBUG=1",
					"$(inherited)",
				);
				GCC_SYMBOLS_PRIVATE_EXTERN = NO;
				GCC_WARN_64_TO_32_BIT_CONVERSION = YES;
				GCC_WARN_ABOUT_RETURN_TYPE = YES_ERROR;
				GCC_WARN_UNDECLARED_SELECTOR = YES;
				GCC_WARN_UNINITIALIZED_AUTOS = YES_AGGRESSIVE;
				GCC_WARN_UNUSED_FUNCTION = YES;
				GCC_WARN_UNUSED_VARIABLE = YES;
				IPHONEOS_DEPLOYMENT_TARGET = 8.3;
				MTL_ENABLE_DEBUG_INFO = YES;
				ONLY_ACTIVE_ARCH = YES;
				PROVISIONING_PROFILE = "dae56648-1f6a-4896-8144-a0f808729fe0";
				SDKROOT = iphoneos;
				SWIFT_OPTIMIZATION_LEVEL = "-Onone";
				TARGETED_DEVICE_FAMILY = "1,2";
			};
			name = Debug;
		};
		E760D8D31AE5DA6000C4518F /* Release */ = {
			isa = XCBuildConfiguration;
			buildSettings = {
				ALWAYS_SEARCH_USER_PATHS = NO;
				CLANG_CXX_LANGUAGE_STANDARD = "gnu++0x";
				CLANG_CXX_LIBRARY = "libc++";
				CLANG_ENABLE_MODULES = YES;
				CLANG_ENABLE_OBJC_ARC = YES;
				CLANG_WARN_BOOL_CONVERSION = YES;
				CLANG_WARN_CONSTANT_CONVERSION = YES;
				CLANG_WARN_DIRECT_OBJC_ISA_USAGE = YES_ERROR;
				CLANG_WARN_EMPTY_BODY = YES;
				CLANG_WARN_ENUM_CONVERSION = YES;
				CLANG_WARN_INT_CONVERSION = YES;
				CLANG_WARN_OBJC_ROOT_CLASS = YES_ERROR;
				CLANG_WARN_UNREACHABLE_CODE = YES;
				CLANG_WARN__DUPLICATE_METHOD_MATCH = YES;
				"CODE_SIGN_IDENTITY[sdk=iphoneos*]" = "iPhone Developer";
				COPY_PHASE_STRIP = NO;
				DEBUG_INFORMATION_FORMAT = "dwarf-with-dsym";
				ENABLE_NS_ASSERTIONS = NO;
				ENABLE_STRICT_OBJC_MSGSEND = YES;
				GCC_C_LANGUAGE_STANDARD = gnu99;
				GCC_NO_COMMON_BLOCKS = YES;
				GCC_WARN_64_TO_32_BIT_CONVERSION = YES;
				GCC_WARN_ABOUT_RETURN_TYPE = YES_ERROR;
				GCC_WARN_UNDECLARED_SELECTOR = YES;
				GCC_WARN_UNINITIALIZED_AUTOS = YES_AGGRESSIVE;
				GCC_WARN_UNUSED_FUNCTION = YES;
				GCC_WARN_UNUSED_VARIABLE = YES;
				IPHONEOS_DEPLOYMENT_TARGET = 8.3;
				MTL_ENABLE_DEBUG_INFO = NO;
				PROVISIONING_PROFILE = "dae56648-1f6a-4896-8144-a0f808729fe0";
				SDKROOT = iphoneos;
				TARGETED_DEVICE_FAMILY = "1,2";
				VALIDATE_PRODUCT = YES;
			};
			name = Release;
		};
		E760D8D51AE5DA6000C4518F /* Debug */ = {
			isa = XCBuildConfiguration;
			baseConfigurationReference = D57C05A75F8596B605212B9D /* Pods-Recommend-It.debug.xcconfig */;
			buildSettings = {
				ASSETCATALOG_COMPILER_APPICON_NAME = AppIcon;
				CLANG_WARN_DOCUMENTATION_COMMENTS = YES;
				CODE_SIGN_IDENTITY = "iPhone Developer";
				"CODE_SIGN_IDENTITY[sdk=iphoneos*]" = "iPhone Developer";
				DEVELOPMENT_TEAM = DJPFLH48H5;
				FRAMEWORK_SEARCH_PATHS = (
					"$(inherited)",
					"$(PROJECT_DIR)",
				);
				INFOPLIST_FILE = "Recommend-It/Info.plist";
				IPHONEOS_DEPLOYMENT_TARGET = 10.0;
				LD_RUNPATH_SEARCH_PATHS = "$(inherited) @executable_path/Frameworks";
				PRODUCT_BUNDLE_IDENTIFIER = com.derrickshowers.RecommendIt;
				PRODUCT_NAME = "$(TARGET_NAME)";
				PROVISIONING_PROFILE = "";
				SWIFT_OBJC_BRIDGING_HEADER = "";
				SWIFT_VERSION = 3.0;
			};
			name = Debug;
		};
		E760D8D61AE5DA6000C4518F /* Release */ = {
			isa = XCBuildConfiguration;
			baseConfigurationReference = 746E6FC41B94847261B47C99 /* Pods-Recommend-It.release.xcconfig */;
			buildSettings = {
				ASSETCATALOG_COMPILER_APPICON_NAME = AppIcon;
				CLANG_WARN_DOCUMENTATION_COMMENTS = YES;
				CODE_SIGN_IDENTITY = "iPhone Distribution";
				"CODE_SIGN_IDENTITY[sdk=iphoneos*]" = "iPhone Distribution";
				DEVELOPMENT_TEAM = DJPFLH48H5;
				FRAMEWORK_SEARCH_PATHS = (
					"$(inherited)",
					"$(PROJECT_DIR)",
				);
				INFOPLIST_FILE = "Recommend-It/Info.plist";
				IPHONEOS_DEPLOYMENT_TARGET = 10.0;
				LD_RUNPATH_SEARCH_PATHS = "$(inherited) @executable_path/Frameworks";
				PRODUCT_BUNDLE_IDENTIFIER = com.derrickshowers.RecommendIt;
				PRODUCT_NAME = "$(TARGET_NAME)";
				PROVISIONING_PROFILE = "";
				SWIFT_OBJC_BRIDGING_HEADER = "";
				SWIFT_VERSION = 3.0;
			};
			name = Release;
		};
		E760D8D81AE5DA6000C4518F /* Debug */ = {
			isa = XCBuildConfiguration;
			buildSettings = {
				BUNDLE_LOADER = "$(TEST_HOST)";
				CODE_SIGN_IDENTITY = "iPhone Developer";
				"CODE_SIGN_IDENTITY[sdk=iphoneos*]" = "iPhone Developer";
				FRAMEWORK_SEARCH_PATHS = (
					"$(SDKROOT)/Developer/Library/Frameworks",
					"$(inherited)",
				);
				GCC_PREPROCESSOR_DEFINITIONS = (
					"DEBUG=1",
					"$(inherited)",
				);
				INFOPLIST_FILE = "Recommend-ItTests/Info.plist";
				LD_RUNPATH_SEARCH_PATHS = "$(inherited) @executable_path/Frameworks @loader_path/Frameworks";
				PRODUCT_BUNDLE_IDENTIFIER = "com.derrickshowers.$(PRODUCT_NAME:rfc1034identifier)";
				PRODUCT_NAME = "$(TARGET_NAME)";
				PROVISIONING_PROFILE = "";
				SWIFT_VERSION = 3.0;
				TEST_HOST = "$(BUILT_PRODUCTS_DIR)/Recommend-It.app/Recommend-It";
			};
			name = Debug;
		};
		E760D8D91AE5DA6000C4518F /* Release */ = {
			isa = XCBuildConfiguration;
			buildSettings = {
				BUNDLE_LOADER = "$(TEST_HOST)";
				CODE_SIGN_IDENTITY = "iPhone Developer";
				"CODE_SIGN_IDENTITY[sdk=iphoneos*]" = "iPhone Developer";
				FRAMEWORK_SEARCH_PATHS = (
					"$(SDKROOT)/Developer/Library/Frameworks",
					"$(inherited)",
				);
				INFOPLIST_FILE = "Recommend-ItTests/Info.plist";
				LD_RUNPATH_SEARCH_PATHS = "$(inherited) @executable_path/Frameworks @loader_path/Frameworks";
				PRODUCT_BUNDLE_IDENTIFIER = "com.derrickshowers.$(PRODUCT_NAME:rfc1034identifier)";
				PRODUCT_NAME = "$(TARGET_NAME)";
				PROVISIONING_PROFILE = "";
				SWIFT_VERSION = 3.0;
				TEST_HOST = "$(BUILT_PRODUCTS_DIR)/Recommend-It.app/Recommend-It";
			};
			name = Release;
		};
/* End XCBuildConfiguration section */

/* Begin XCConfigurationList section */
		E760D8B01AE5DA6000C4518F /* Build configuration list for PBXProject "Recommend-It" */ = {
			isa = XCConfigurationList;
			buildConfigurations = (
				E760D8D21AE5DA6000C4518F /* Debug */,
				E760D8D31AE5DA6000C4518F /* Release */,
			);
			defaultConfigurationIsVisible = 0;
			defaultConfigurationName = Release;
		};
		E760D8D41AE5DA6000C4518F /* Build configuration list for PBXNativeTarget "Recommend-It" */ = {
			isa = XCConfigurationList;
			buildConfigurations = (
				E760D8D51AE5DA6000C4518F /* Debug */,
				E760D8D61AE5DA6000C4518F /* Release */,
			);
			defaultConfigurationIsVisible = 0;
			defaultConfigurationName = Release;
		};
		E760D8D71AE5DA6000C4518F /* Build configuration list for PBXNativeTarget "Recommend-ItTests" */ = {
			isa = XCConfigurationList;
			buildConfigurations = (
				E760D8D81AE5DA6000C4518F /* Debug */,
				E760D8D91AE5DA6000C4518F /* Release */,
			);
			defaultConfigurationIsVisible = 0;
			defaultConfigurationName = Release;
		};
/* End XCConfigurationList section */

/* Begin XCVersionGroup section */
		E71CFC081DB5D07400DF77D7 /* RecommendIt.xcdatamodeld */ = {
			isa = XCVersionGroup;
			children = (
				E71CFC091DB5D07400DF77D7 /* RecommendIt.xcdatamodel */,
			);
			currentVersion = E71CFC091DB5D07400DF77D7 /* RecommendIt.xcdatamodel */;
			name = RecommendIt.xcdatamodeld;
			path = Models/RecommendIt.xcdatamodeld;
			sourceTree = "<group>";
			versionGroupType = wrapper.xcdatamodel;
		};
/* End XCVersionGroup section */
	};
	rootObject = E760D8AD1AE5DA6000C4518F /* Project object */;
}
