PODS:
  - Alamofire (3.4.2)
  - OAuthSwift (0.6.0)

DEPENDENCIES:
  - Alamofire (~> 3.4)
  - OAuthSwift (~> 0.6)

SPEC CHECKSUMS:
  Alamofire: 6aa33201d20d069e1598891cf928883ff1888c7a
  OAuthSwift: 8895267fbd6437a52aea26541572a617c7a8c7c1

PODFILE CHECKSUM: 4a27a0dd58984b4383ff160669a97a121ace8e66

COCOAPODS: 1.0.1
